
Microsoft Visual Studio Solution File, Format Version 12.00
# Visual Studio Version 17
VisualStudioVersion = 17.6.33815.320
MinimumVisualStudioVersion = 10.0.40219.1
Project("{FAE04EC0-301F-11D3-BF4B-00C04F79EFBC}") = "umocnovac", "umocnovac\umocnovac.csproj", "{7A4737BB-9020-4445-AC70-05A8C1252510}"
EndProject
Global
	GlobalSection(SolutionConfigurationPlatforms) = preSolution
		Debug|Any CPU = Debug|Any CPU
		Release|Any CPU = Release|Any CPU
	EndGlobalSection
	GlobalSection(ProjectConfigurationPlatforms) = postSolution
		{7A4737BB-9020-4445-AC70-05A8C1252510}.Debug|Any CPU.ActiveCfg = Debug|Any CPU
		{7A4737BB-9020-4445-AC70-05A8C1252510}.Debug|Any CPU.Build.0 = Debug|Any CPU
		{7A4737BB-9020-4445-AC70-05A8C1252510}.Release|Any CPU.ActiveCfg = Release|Any CPU
		{7A4737BB-9020-4445-AC70-05A8C1252510}.Release|Any CPU.Build.0 = Release|Any CPU
	EndGlobalSection
	GlobalSection(SolutionProperties) = preSolution
		HideSolutionNode = FALSE
	EndGlobalSection
	GlobalSection(ExtensibilityGlobals) = postSolution
		SolutionGuid = {84E79506-3CD1-45EE-9CC2-B0BD2B82E028}
	EndGlobalSection
EndGlobal
