
Microsoft Visual Studio Solution File, Format Version 12.00
# Visual Studio Version 17
VisualStudioVersion = 17.6.33815.320
MinimumVisualStudioVersion = 10.0.40219.1
Project("{FAE04EC0-301F-11D3-BF4B-00C04F79EFBC}") = "Return-Method", "Return-Method\Return-Method.csproj", "{2684E8B0-69B0-4060-B221-CD0638F25E69}"
EndProject
Global
	GlobalSection(SolutionConfigurationPlatforms) = preSolution
		Debug|Any CPU = Debug|Any CPU
		Release|Any CPU = Release|Any CPU
	EndGlobalSection
	GlobalSection(ProjectConfigurationPlatforms) = postSolution
		{2684E8B0-69B0-4060-B221-CD0638F25E69}.Debug|Any CPU.ActiveCfg = Debug|Any CPU
		{2684E8B0-69B0-4060-B221-CD0638F25E69}.Debug|Any CPU.Build.0 = Debug|Any CPU
		{2684E8B0-69B0-4060-B221-CD0638F25E69}.Release|Any CPU.ActiveCfg = Release|Any CPU
		{2684E8B0-69B0-4060-B221-CD0638F25E69}.Release|Any CPU.Build.0 = Release|Any CPU
	EndGlobalSection
	GlobalSection(SolutionProperties) = preSolution
		HideSolutionNode = FALSE
	EndGlobalSection
	GlobalSection(ExtensibilityGlobals) = postSolution
		SolutionGuid = {9810CA02-5EDB-4A21-968A-3A15628F8398}
	EndGlobalSection
EndGlobal
