
Microsoft Visual Studio Solution File, Format Version 12.00
# Visual Studio Version 17
VisualStudioVersion = 17.6.33815.320
MinimumVisualStudioVersion = 10.0.40219.1
Project("{FAE04EC0-301F-11D3-BF4B-00C04F79EFBC}") = "gettersSetters", "gettersSetters\gettersSetters.csproj", "{A11D85F4-7C4E-4E6B-A2E9-5551F2A189CF}"
EndProject
Global
	GlobalSection(SolutionConfigurationPlatforms) = preSolution
		Debug|Any CPU = Debug|Any CPU
		Release|Any CPU = Release|Any CPU
	EndGlobalSection
	GlobalSection(ProjectConfigurationPlatforms) = postSolution
		{A11D85F4-7C4E-4E6B-A2E9-5551F2A189CF}.Debug|Any CPU.ActiveCfg = Debug|Any CPU
		{A11D85F4-7C4E-4E6B-A2E9-5551F2A189CF}.Debug|Any CPU.Build.0 = Debug|Any CPU
		{A11D85F4-7C4E-4E6B-A2E9-5551F2A189CF}.Release|Any CPU.ActiveCfg = Release|Any CPU
		{A11D85F4-7C4E-4E6B-A2E9-5551F2A189CF}.Release|Any CPU.Build.0 = Release|Any CPU
	EndGlobalSection
	GlobalSection(SolutionProperties) = preSolution
		HideSolutionNode = FALSE
	EndGlobalSection
	GlobalSection(ExtensibilityGlobals) = postSolution
		SolutionGuid = {5942CC8C-34ED-4E62-B9B6-85B53F42DEDB}
	EndGlobalSection
EndGlobal
