
Microsoft Visual Studio Solution File, Format Version 12.00
# Visual Studio Version 17
VisualStudioVersion = 17.6.33815.320
MinimumVisualStudioVersion = 10.0.40219.1
Project("{FAE04EC0-301F-11D3-BF4B-00C04F79EFBC}") = "detektorSmajlíků", "detektorSmajlíků\detektorSmajlíků.csproj", "{51EBA8D8-3F81-4AD4-BD58-C6E01A2037D1}"
EndProject
Global
	GlobalSection(SolutionConfigurationPlatforms) = preSolution
		Debug|Any CPU = Debug|Any CPU
		Release|Any CPU = Release|Any CPU
	EndGlobalSection
	GlobalSection(ProjectConfigurationPlatforms) = postSolution
		{51EBA8D8-3F81-4AD4-BD58-C6E01A2037D1}.Debug|Any CPU.ActiveCfg = Debug|Any CPU
		{51EBA8D8-3F81-4AD4-BD58-C6E01A2037D1}.Debug|Any CPU.Build.0 = Debug|Any CPU
		{51EBA8D8-3F81-4AD4-BD58-C6E01A2037D1}.Release|Any CPU.ActiveCfg = Release|Any CPU
		{51EBA8D8-3F81-4AD4-BD58-C6E01A2037D1}.Release|Any CPU.Build.0 = Release|Any CPU
	EndGlobalSection
	GlobalSection(SolutionProperties) = preSolution
		HideSolutionNode = FALSE
	EndGlobalSection
	GlobalSection(ExtensibilityGlobals) = postSolution
		SolutionGuid = {F95FA141-3F41-404F-B9DF-68D09FA48EF5}
	EndGlobalSection
EndGlobal
