
Microsoft Visual Studio Solution File, Format Version 12.00
# Visual Studio Version 17
VisualStudioVersion = 17.6.33815.320
MinimumVisualStudioVersion = 10.0.40219.1
Project("{FAE04EC0-301F-11D3-BF4B-00C04F79EFBC}") = "malaNasobilka", "malaNasobilka\malaNasobilka.csproj", "{060190A4-1D14-4ED5-B4CC-48B9BA9957EB}"
EndProject
Global
	GlobalSection(SolutionConfigurationPlatforms) = preSolution
		Debug|Any CPU = Debug|Any CPU
		Release|Any CPU = Release|Any CPU
	EndGlobalSection
	GlobalSection(ProjectConfigurationPlatforms) = postSolution
		{060190A4-1D14-4ED5-B4CC-48B9BA9957EB}.Debug|Any CPU.ActiveCfg = Debug|Any CPU
		{060190A4-1D14-4ED5-B4CC-48B9BA9957EB}.Debug|Any CPU.Build.0 = Debug|Any CPU
		{060190A4-1D14-4ED5-B4CC-48B9BA9957EB}.Release|Any CPU.ActiveCfg = Release|Any CPU
		{060190A4-1D14-4ED5-B4CC-48B9BA9957EB}.Release|Any CPU.Build.0 = Release|Any CPU
	EndGlobalSection
	GlobalSection(SolutionProperties) = preSolution
		HideSolutionNode = FALSE
	EndGlobalSection
	GlobalSection(ExtensibilityGlobals) = postSolution
		SolutionGuid = {DD72D63C-3F19-4C3E-A62F-650CC6EA37D8}
	EndGlobalSection
EndGlobal
