
Microsoft Visual Studio Solution File, Format Version 12.00
# Visual Studio Version 17
VisualStudioVersion = 17.6.33815.320
MinimumVisualStudioVersion = 10.0.40219.1
Project("{FAE04EC0-301F-11D3-BF4B-00C04F79EFBC}") = "exponentMethode", "exponentMethode\exponentMethode.csproj", "{754DC9BD-E2E1-4949-97F2-705A5F20782D}"
EndProject
Global
	GlobalSection(SolutionConfigurationPlatforms) = preSolution
		Debug|Any CPU = Debug|Any CPU
		Release|Any CPU = Release|Any CPU
	EndGlobalSection
	GlobalSection(ProjectConfigurationPlatforms) = postSolution
		{754DC9BD-E2E1-4949-97F2-705A5F20782D}.Debug|Any CPU.ActiveCfg = Debug|Any CPU
		{754DC9BD-E2E1-4949-97F2-705A5F20782D}.Debug|Any CPU.Build.0 = Debug|Any CPU
		{754DC9BD-E2E1-4949-97F2-705A5F20782D}.Release|Any CPU.ActiveCfg = Release|Any CPU
		{754DC9BD-E2E1-4949-97F2-705A5F20782D}.Release|Any CPU.Build.0 = Release|Any CPU
	EndGlobalSection
	GlobalSection(SolutionProperties) = preSolution
		HideSolutionNode = FALSE
	EndGlobalSection
	GlobalSection(ExtensibilityGlobals) = postSolution
		SolutionGuid = {CEC01941-8FF1-4F36-A0C9-C3EAACA40593}
	EndGlobalSection
EndGlobal
